
Microsoft Visual Studio Solution File, Format Version 12.00
# Visual Studio Version 16
VisualStudioVersion = 16.0.31019.35
MinimumVisualStudioVersion = 10.0.40219.1
Project("{FAE04EC0-301F-11D3-BF4B-00C04F79EFBC}") = "HomeWork2.0", "HomeWork2.0.csproj", "{A83E0B42-6124-4D56-900E-CABFBD99DAA1}"
EndProject
Global
	GlobalSection(SolutionConfigurationPlatforms) = preSolution
		Debug|Any CPU = Debug|Any CPU
		Release|Any CPU = Release|Any CPU
	EndGlobalSection
	GlobalSection(ProjectConfigurationPlatforms) = postSolution
		{A83E0B42-6124-4D56-900E-CABFBD99DAA1}.Debug|Any CPU.ActiveCfg = Debug|Any CPU
		{A83E0B42-6124-4D56-900E-CABFBD99DAA1}.Debug|Any CPU.Build.0 = Debug|Any CPU
		{A83E0B42-6124-4D56-900E-CABFBD99DAA1}.Release|Any CPU.ActiveCfg = Release|Any CPU
		{A83E0B42-6124-4D56-900E-CABFBD99DAA1}.Release|Any CPU.Build.0 = Release|Any CPU
	EndGlobalSection
	GlobalSection(SolutionProperties) = preSolution
		HideSolutionNode = FALSE
	EndGlobalSection
	GlobalSection(ExtensibilityGlobals) = postSolution
		SolutionGuid = {F9C0A972-B755-4814-859B-FA7E1D30A2C2}
	EndGlobalSection
EndGlobal
