
Microsoft Visual Studio Solution File, Format Version 12.00
# Visual Studio 15
VisualStudioVersion = 15.0.28307.168
MinimumVisualStudioVersion = 10.0.40219.1
Project("{FAE04EC0-301F-11D3-BF4B-00C04F79EFBC}") = "FrontEndHomework", "FrontEndHomework\FrontEndHomework.csproj", "{DBABA0DD-951A-411E-A58C-4233AFDB72C5}"
EndProject
Global
	GlobalSection(SolutionConfigurationPlatforms) = preSolution
		Debug|Any CPU = Debug|Any CPU
		Release|Any CPU = Release|Any CPU
	EndGlobalSection
	GlobalSection(ProjectConfigurationPlatforms) = postSolution
		{DBABA0DD-951A-411E-A58C-4233AFDB72C5}.Debug|Any CPU.ActiveCfg = Debug|Any CPU
		{DBABA0DD-951A-411E-A58C-4233AFDB72C5}.Debug|Any CPU.Build.0 = Debug|Any CPU
		{DBABA0DD-951A-411E-A58C-4233AFDB72C5}.Release|Any CPU.ActiveCfg = Release|Any CPU
		{DBABA0DD-951A-411E-A58C-4233AFDB72C5}.Release|Any CPU.Build.0 = Release|Any CPU
	EndGlobalSection
	GlobalSection(SolutionProperties) = preSolution
		HideSolutionNode = FALSE
	EndGlobalSection
	GlobalSection(ExtensibilityGlobals) = postSolution
		SolutionGuid = {4160D19F-62EB-4822-82A8-424789199253}
	EndGlobalSection
EndGlobal
